
Microsoft Visual Studio Solution File, Format Version 12.00
# Visual Studio Version 16
VisualStudioVersion = 16.0.30320.27
MinimumVisualStudioVersion = 10.0.40219.1
Project("{FAE04EC0-301F-11D3-BF4B-00C04F79EFBC}") = "Inventario", "Inventario\Inventario.csproj", "{7ABD117E-5E08-4862-AC4B-9600B683855D}"
EndProject
Global
	GlobalSection(SolutionConfigurationPlatforms) = preSolution
		Debug|Any CPU = Debug|Any CPU
		Release|Any CPU = Release|Any CPU
	EndGlobalSection
	GlobalSection(ProjectConfigurationPlatforms) = postSolution
		{7ABD117E-5E08-4862-AC4B-9600B683855D}.Debug|Any CPU.ActiveCfg = Debug|Any CPU
		{7ABD117E-5E08-4862-AC4B-9600B683855D}.Debug|Any CPU.Build.0 = Debug|Any CPU
		{7ABD117E-5E08-4862-AC4B-9600B683855D}.Release|Any CPU.ActiveCfg = Release|Any CPU
		{7ABD117E-5E08-4862-AC4B-9600B683855D}.Release|Any CPU.Build.0 = Release|Any CPU
	EndGlobalSection
	GlobalSection(SolutionProperties) = preSolution
		HideSolutionNode = FALSE
	EndGlobalSection
	GlobalSection(ExtensibilityGlobals) = postSolution
		SolutionGuid = {AE0B7238-CA1E-44E1-BC28-BB700CC31D27}
	EndGlobalSection
EndGlobal
